Microsoft Visual Studio Solution File, Format Version 12.00
# Visual Studio 2012

Project("{D954291E-2A0B-460D-934E-DC6B0785DB48}") = "MRP_RTSP_Client", "MRP_RTSP_Client\MRP_RTSP_Client\MRP_RTSP_Client.shproj", "{F5B41081-2668-4E30-BF5E-16626CAE3F00}"
EndProject


Project("{FAE04EC0-301F-11D3-BF4B-00C04F79EFBC}") = "MRP_RTSP_Client.iOS", "MRP_RTSP_Client\MRP_RTSP_Client.iOS\MRP_RTSP_Client.iOS.csproj", "{55A63C32-90B5-4022-A6E6-29DBB4243B1C}"
EndProject

Project("{FAE04EC0-301F-11D3-BF4B-00C04F79EFBC}") = "MRP_RTSP_Client.Droid", "MRP_RTSP_Client\MRP_RTSP_Client.Android\MRP_RTSP_Client.Android.csproj", "{768AD2AD-88EE-48A2-9784-89110E44CA2E}"
EndProject

Project("{FAE04EC0-301F-11D3-BF4B-00C04F79EFBC}") = "MRP_RTSP_Client.UWP", "MRP_RTSP_Client\MRP_RTSP_Client.UWP\MRP_RTSP_Client.UWP.csproj", "{92F60460-8DFE-446A-8808-42104428C381}"
EndProject

Global
	GlobalSection(SolutionConfigurationPlatforms) = preSolution
		Ad-Hoc|Any CPU = Ad-Hoc|Any CPU
		Ad-Hoc|ARM = Ad-Hoc|ARM
		Ad-Hoc|iPhone = Ad-Hoc|iPhone
		Ad-Hoc|iPhoneSimulator = Ad-Hoc|iPhoneSimulator
		Ad-Hoc|x64 = Ad-Hoc|x64
		Ad-Hoc|x86 = Ad-Hoc|x86
		AppStore|Any CPU = AppStore|Any CPU
		AppStore|ARM = AppStore|ARM
		AppStore|iPhone = AppStore|iPhone
		AppStore|iPhoneSimulator = AppStore|iPhoneSimulator
		AppStore|x64 = AppStore|x64
		AppStore|x86 = AppStore|x86
		Debug|Any CPU = Debug|Any CPU
		Debug|ARM = Debug|ARM
		Debug|iPhone = Debug|iPhone
		Debug|iPhoneSimulator = Debug|iPhoneSimulator
		Debug|x64 = Debug|x64
		Debug|x86 = Debug|x86
		Release|Any CPU = Release|Any CPU
		Release|ARM = Release|ARM
		Release|iPhone = Release|iPhone
		Release|iPhoneSimulator = Release|iPhoneSimulator
		Release|x64 = Release|x64
		Release|x86 = Release|x86
	EndGlobalSection
	GlobalSection(ProjectConfigurationPlatforms) = postSolution
		{4E9FA62D-2E58-497F-8064-D5F24E11F79E}.Ad-Hoc|Any CPU.ActiveCfg = Debug|Any CPU
		{4E9FA62D-2E58-497F-8064-D5F24E11F79E}.Ad-Hoc|Any CPU.Build.0 = Debug|Any CPU
		{4E9FA62D-2E58-497F-8064-D5F24E11F79E}.Ad-Hoc|ARM.ActiveCfg = Debug|Any CPU
		{4E9FA62D-2E58-497F-8064-D5F24E11F79E}.Ad-Hoc|ARM.Build.0 = Debug|Any CPU
		{4E9FA62D-2E58-497F-8064-D5F24E11F79E}.Ad-Hoc|iPhone.ActiveCfg = Debug|Any CPU
		{4E9FA62D-2E58-497F-8064-D5F24E11F79E}.Ad-Hoc|iPhone.Build.0 = Debug|Any CPU
		{4E9FA62D-2E58-497F-8064-D5F24E11F79E}.Ad-Hoc|iPhoneSimulator.ActiveCfg = Debug|Any CPU
		{4E9FA62D-2E58-497F-8064-D5F24E11F79E}.Ad-Hoc|iPhoneSimulator.Build.0 = Debug|Any CPU
		{4E9FA62D-2E58-497F-8064-D5F24E11F79E}.Ad-Hoc|x64.ActiveCfg = Debug|Any CPU
		{4E9FA62D-2E58-497F-8064-D5F24E11F79E}.Ad-Hoc|x64.Build.0 = Debug|Any CPU
		{4E9FA62D-2E58-497F-8064-D5F24E11F79E}.Ad-Hoc|x86.ActiveCfg = Debug|Any CPU
		{4E9FA62D-2E58-497F-8064-D5F24E11F79E}.Ad-Hoc|x86.Build.0 = Debug|Any CPU
		{4E9FA62D-2E58-497F-8064-D5F24E11F79E}.AppStore|Any CPU.ActiveCfg = Debug|Any CPU
		{4E9FA62D-2E58-497F-8064-D5F24E11F79E}.AppStore|Any CPU.Build.0 = Debug|Any CPU
		{4E9FA62D-2E58-497F-8064-D5F24E11F79E}.AppStore|ARM.ActiveCfg = Debug|Any CPU
		{4E9FA62D-2E58-497F-8064-D5F24E11F79E}.AppStore|ARM.Build.0 = Debug|Any CPU
		{4E9FA62D-2E58-497F-8064-D5F24E11F79E}.AppStore|iPhone.ActiveCfg = Debug|Any CPU
		{4E9FA62D-2E58-497F-8064-D5F24E11F79E}.AppStore|iPhone.Build.0 = Debug|Any CPU
		{4E9FA62D-2E58-497F-8064-D5F24E11F79E}.AppStore|iPhoneSimulator.ActiveCfg = Debug|Any CPU
		{4E9FA62D-2E58-497F-8064-D5F24E11F79E}.AppStore|iPhoneSimulator.Build.0 = Debug|Any CPU
		{4E9FA62D-2E58-497F-8064-D5F24E11F79E}.AppStore|x64.ActiveCfg = Debug|Any CPU
		{4E9FA62D-2E58-497F-8064-D5F24E11F79E}.AppStore|x64.Build.0 = Debug|Any CPU
		{4E9FA62D-2E58-497F-8064-D5F24E11F79E}.AppStore|x86.ActiveCfg = Debug|Any CPU
		{4E9FA62D-2E58-497F-8064-D5F24E11F79E}.AppStore|x86.Build.0 = Debug|Any CPU
		{4E9FA62D-2E58-497F-8064-D5F24E11F79E}.Debug|Any CPU.ActiveCfg = Debug|Any CPU
		{4E9FA62D-2E58-497F-8064-D5F24E11F79E}.Debug|Any CPU.Build.0 = Debug|Any CPU
		{4E9FA62D-2E58-497F-8064-D5F24E11F79E}.Debug|ARM.ActiveCfg = Debug|Any CPU
		{4E9FA62D-2E58-497F-8064-D5F24E11F79E}.Debug|ARM.Build.0 = Debug|Any CPU
		{4E9FA62D-2E58-497F-8064-D5F24E11F79E}.Debug|iPhone.ActiveCfg = Debug|Any CPU
		{4E9FA62D-2E58-497F-8064-D5F24E11F79E}.Debug|iPhone.Build.0 = Debug|Any CPU
		{4E9FA62D-2E58-497F-8064-D5F24E11F79E}.Debug|iPhoneSimulator.ActiveCfg = Debug|Any CPU
		{4E9FA62D-2E58-497F-8064-D5F24E11F79E}.Debug|iPhoneSimulator.Build.0 = Debug|Any CPU
		{4E9FA62D-2E58-497F-8064-D5F24E11F79E}.Debug|x64.ActiveCfg = Debug|Any CPU
		{4E9FA62D-2E58-497F-8064-D5F24E11F79E}.Debug|x64.Build.0 = Debug|Any CPU
		{4E9FA62D-2E58-497F-8064-D5F24E11F79E}.Debug|x86.ActiveCfg = Debug|Any CPU
		{4E9FA62D-2E58-497F-8064-D5F24E11F79E}.Debug|x86.Build.0 = Debug|Any CPU
		{4E9FA62D-2E58-497F-8064-D5F24E11F79E}.Release|Any CPU.ActiveCfg = Release|Any CPU
		{4E9FA62D-2E58-497F-8064-D5F24E11F79E}.Release|Any CPU.Build.0 = Release|Any CPU
		{4E9FA62D-2E58-497F-8064-D5F24E11F79E}.Release|ARM.ActiveCfg = Release|Any CPU
		{4E9FA62D-2E58-497F-8064-D5F24E11F79E}.Release|ARM.Build.0 = Release|Any CPU
		{4E9FA62D-2E58-497F-8064-D5F24E11F79E}.Release|iPhone.ActiveCfg = Release|Any CPU
		{4E9FA62D-2E58-497F-8064-D5F24E11F79E}.Release|iPhone.Build.0 = Release|Any CPU
		{4E9FA62D-2E58-497F-8064-D5F24E11F79E}.Release|iPhoneSimulator.ActiveCfg = Release|Any CPU
		{4E9FA62D-2E58-497F-8064-D5F24E11F79E}.Release|iPhoneSimulator.Build.0 = Release|Any CPU
		{4E9FA62D-2E58-497F-8064-D5F24E11F79E}.Release|x64.ActiveCfg = Release|Any CPU
		{4E9FA62D-2E58-497F-8064-D5F24E11F79E}.Release|x64.Build.0 = Release|Any CPU
		{4E9FA62D-2E58-497F-8064-D5F24E11F79E}.Release|x86.ActiveCfg = Release|Any CPU
		{4E9FA62D-2E58-497F-8064-D5F24E11F79E}.Release|x86.Build.0 = Release|Any CPU
		{91D74A40-E440-42AD-B51F-C2D641C49384}.Ad-Hoc|Any CPU.ActiveCfg = Ad-Hoc|iPhone
		{91D74A40-E440-42AD-B51F-C2D641C49384}.Ad-Hoc|ARM.ActiveCfg = Ad-Hoc|iPhone
		{91D74A40-E440-42AD-B51F-C2D641C49384}.Ad-Hoc|iPhone.ActiveCfg = Ad-Hoc|iPhone
		{91D74A40-E440-42AD-B51F-C2D641C49384}.Ad-Hoc|iPhone.Build.0 = Ad-Hoc|iPhone
		{91D74A40-E440-42AD-B51F-C2D641C49384}.Ad-Hoc|iPhoneSimulator.ActiveCfg = Ad-Hoc|iPhoneSimulator
		{91D74A40-E440-42AD-B51F-C2D641C49384}.Ad-Hoc|iPhoneSimulator.Build.0 = Ad-Hoc|iPhoneSimulator
		{91D74A40-E440-42AD-B51F-C2D641C49384}.Ad-Hoc|x64.ActiveCfg = Ad-Hoc|iPhone
		{91D74A40-E440-42AD-B51F-C2D641C49384}.Ad-Hoc|x86.ActiveCfg = Ad-Hoc|iPhone
		{91D74A40-E440-42AD-B51F-C2D641C49384}.AppStore|Any CPU.ActiveCfg = AppStore|iPhone
		{91D74A40-E440-42AD-B51F-C2D641C49384}.AppStore|ARM.ActiveCfg = AppStore|iPhone
		{91D74A40-E440-42AD-B51F-C2D641C49384}.AppStore|iPhone.ActiveCfg = AppStore|iPhone
		{91D74A40-E440-42AD-B51F-C2D641C49384}.AppStore|iPhone.Build.0 = AppStore|iPhone
		{91D74A40-E440-42AD-B51F-C2D641C49384}.AppStore|iPhoneSimulator.ActiveCfg = AppStore|iPhoneSimulator
		{91D74A40-E440-42AD-B51F-C2D641C49384}.AppStore|iPhoneSimulator.Build.0 = AppStore|iPhoneSimulator
		{91D74A40-E440-42AD-B51F-C2D641C49384}.AppStore|x64.ActiveCfg = AppStore|iPhone
		{91D74A40-E440-42AD-B51F-C2D641C49384}.AppStore|x86.ActiveCfg = AppStore|iPhone
		{91D74A40-E440-42AD-B51F-C2D641C49384}.Debug|Any CPU.ActiveCfg = Debug|iPhone
		{91D74A40-E440-42AD-B51F-C2D641C49384}.Debug|ARM.ActiveCfg = Debug|iPhone
		{91D74A40-E440-42AD-B51F-C2D641C49384}.Debug|iPhone.ActiveCfg = Debug|iPhone
		{91D74A40-E440-42AD-B51F-C2D641C49384}.Debug|iPhone.Build.0 = Debug|iPhone
		{91D74A40-E440-42AD-B51F-C2D641C49384}.Debug|iPhoneSimulator.ActiveCfg = Debug|iPhoneSimulator
		{91D74A40-E440-42AD-B51F-C2D641C49384}.Debug|iPhoneSimulator.Build.0 = Debug|iPhoneSimulator
		{91D74A40-E440-42AD-B51F-C2D641C49384}.Debug|x64.ActiveCfg = Debug|iPhone
		{91D74A40-E440-42AD-B51F-C2D641C49384}.Debug|x86.ActiveCfg = Debug|iPhone
		{91D74A40-E440-42AD-B51F-C2D641C49384}.Release|Any CPU.ActiveCfg = Release|iPhone
		{91D74A40-E440-42AD-B51F-C2D641C49384}.Release|ARM.ActiveCfg = Release|iPhone
		{91D74A40-E440-42AD-B51F-C2D641C49384}.Release|iPhone.ActiveCfg = Release|iPhone
		{91D74A40-E440-42AD-B51F-C2D641C49384}.Release|iPhone.Build.0 = Release|iPhone
		{91D74A40-E440-42AD-B51F-C2D641C49384}.Release|iPhoneSimulator.ActiveCfg = Release|iPhoneSimulator
		{91D74A40-E440-42AD-B51F-C2D641C49384}.Release|iPhoneSimulator.Build.0 = Release|iPhoneSimulator
		{91D74A40-E440-42AD-B51F-C2D641C49384}.Release|x64.ActiveCfg = Release|iPhone
		{91D74A40-E440-42AD-B51F-C2D641C49384}.Release|x86.ActiveCfg = Release|iPhone
		{3EA9E612-E717-4E55-9034-C415CD62AF9A}.Ad-Hoc|Any CPU.ActiveCfg = Release|x86
		{3EA9E612-E717-4E55-9034-C415CD62AF9A}.Ad-Hoc|Any CPU.Build.0 = Release|x86
		{3EA9E612-E717-4E55-9034-C415CD62AF9A}.Ad-Hoc|Any CPU.Deploy.0 = Release|x86
		{3EA9E612-E717-4E55-9034-C415CD62AF9A}.Ad-Hoc|ARM.ActiveCfg = Release|ARM
		{3EA9E612-E717-4E55-9034-C415CD62AF9A}.Ad-Hoc|ARM.Build.0 = Release|ARM
		{3EA9E612-E717-4E55-9034-C415CD62AF9A}.Ad-Hoc|ARM.Deploy.0 = Release|ARM
		{3EA9E612-E717-4E55-9034-C415CD62AF9A}.Ad-Hoc|iPhone.ActiveCfg = Release|x86
		{3EA9E612-E717-4E55-9034-C415CD62AF9A}.Ad-Hoc|iPhone.Build.0 = Release|x86
		{3EA9E612-E717-4E55-9034-C415CD62AF9A}.Ad-Hoc|iPhone.Deploy.0 = Release|x86
		{3EA9E612-E717-4E55-9034-C415CD62AF9A}.Ad-Hoc|iPhoneSimulator.ActiveCfg = Release|x86
		{3EA9E612-E717-4E55-9034-C415CD62AF9A}.Ad-Hoc|iPhoneSimulator.Build.0 = Release|x86
		{3EA9E612-E717-4E55-9034-C415CD62AF9A}.Ad-Hoc|iPhoneSimulator.Deploy.0 = Release|x86
		{3EA9E612-E717-4E55-9034-C415CD62AF9A}.Ad-Hoc|x64.ActiveCfg = Release|x64
		{3EA9E612-E717-4E55-9034-C415CD62AF9A}.Ad-Hoc|x64.Build.0 = Release|x64
		{3EA9E612-E717-4E55-9034-C415CD62AF9A}.Ad-Hoc|x64.Deploy.0 = Release|x64
		{3EA9E612-E717-4E55-9034-C415CD62AF9A}.Ad-Hoc|x86.ActiveCfg = Release|x86
		{3EA9E612-E717-4E55-9034-C415CD62AF9A}.Ad-Hoc|x86.Build.0 = Release|x86
		{3EA9E612-E717-4E55-9034-C415CD62AF9A}.Ad-Hoc|x86.Deploy.0 = Release|x86
		{3EA9E612-E717-4E55-9034-C415CD62AF9A}.AppStore|Any CPU.ActiveCfg = Release|x86
		{3EA9E612-E717-4E55-9034-C415CD62AF9A}.AppStore|Any CPU.Build.0 = Release|x86
		{3EA9E612-E717-4E55-9034-C415CD62AF9A}.AppStore|Any CPU.Deploy.0 = Release|x86
		{3EA9E612-E717-4E55-9034-C415CD62AF9A}.AppStore|ARM.ActiveCfg = Release|ARM
		{3EA9E612-E717-4E55-9034-C415CD62AF9A}.AppStore|ARM.Build.0 = Release|ARM
		{3EA9E612-E717-4E55-9034-C415CD62AF9A}.AppStore|ARM.Deploy.0 = Release|ARM
		{3EA9E612-E717-4E55-9034-C415CD62AF9A}.AppStore|iPhone.ActiveCfg = Release|x86
		{3EA9E612-E717-4E55-9034-C415CD62AF9A}.AppStore|iPhone.Build.0 = Release|x86
		{3EA9E612-E717-4E55-9034-C415CD62AF9A}.AppStore|iPhone.Deploy.0 = Release|x86
		{3EA9E612-E717-4E55-9034-C415CD62AF9A}.AppStore|iPhoneSimulator.ActiveCfg = Release|x86
		{3EA9E612-E717-4E55-9034-C415CD62AF9A}.AppStore|iPhoneSimulator.Build.0 = Release|x86
		{3EA9E612-E717-4E55-9034-C415CD62AF9A}.AppStore|iPhoneSimulator.Deploy.0 = Release|x86
		{3EA9E612-E717-4E55-9034-C415CD62AF9A}.AppStore|x64.ActiveCfg = Release|x64
		{3EA9E612-E717-4E55-9034-C415CD62AF9A}.AppStore|x64.Build.0 = Release|x64
		{3EA9E612-E717-4E55-9034-C415CD62AF9A}.AppStore|x64.Deploy.0 = Release|x64
		{3EA9E612-E717-4E55-9034-C415CD62AF9A}.AppStore|x86.ActiveCfg = Release|x86
		{3EA9E612-E717-4E55-9034-C415CD62AF9A}.AppStore|x86.Build.0 = Release|x86
		{3EA9E612-E717-4E55-9034-C415CD62AF9A}.AppStore|x86.Deploy.0 = Release|x86
		{3EA9E612-E717-4E55-9034-C415CD62AF9A}.Debug|Any CPU.ActiveCfg = Debug|x86
		{3EA9E612-E717-4E55-9034-C415CD62AF9A}.Debug|ARM.ActiveCfg = Debug|ARM
		{3EA9E612-E717-4E55-9034-C415CD62AF9A}.Debug|ARM.Build.0 = Debug|ARM
		{3EA9E612-E717-4E55-9034-C415CD62AF9A}.Debug|ARM.Deploy.0 = Debug|ARM
		{3EA9E612-E717-4E55-9034-C415CD62AF9A}.Debug|iPhone.ActiveCfg = Debug|x86
		{3EA9E612-E717-4E55-9034-C415CD62AF9A}.Debug|iPhoneSimulator.ActiveCfg = Debug|x86
		{3EA9E612-E717-4E55-9034-C415CD62AF9A}.Debug|x64.ActiveCfg = Debug|x64
		{3EA9E612-E717-4E55-9034-C415CD62AF9A}.Debug|x64.Build.0 = Debug|x64
		{3EA9E612-E717-4E55-9034-C415CD62AF9A}.Debug|x64.Deploy.0 = Debug|x64
		{3EA9E612-E717-4E55-9034-C415CD62AF9A}.Debug|x86.ActiveCfg = Debug|x86
		{3EA9E612-E717-4E55-9034-C415CD62AF9A}.Debug|x86.Build.0 = Debug|x86
		{3EA9E612-E717-4E55-9034-C415CD62AF9A}.Debug|x86.Deploy.0 = Debug|x86
		{3EA9E612-E717-4E55-9034-C415CD62AF9A}.Release|Any CPU.ActiveCfg = Release|x86
		{3EA9E612-E717-4E55-9034-C415CD62AF9A}.Release|ARM.ActiveCfg = Release|ARM
		{3EA9E612-E717-4E55-9034-C415CD62AF9A}.Release|ARM.Build.0 = Release|ARM
		{3EA9E612-E717-4E55-9034-C415CD62AF9A}.Release|ARM.Deploy.0 = Release|ARM
		{3EA9E612-E717-4E55-9034-C415CD62AF9A}.Release|iPhone.ActiveCfg = Release|x86
		{3EA9E612-E717-4E55-9034-C415CD62AF9A}.Release|iPhoneSimulator.ActiveCfg = Release|x86
		{3EA9E612-E717-4E55-9034-C415CD62AF9A}.Release|x64.ActiveCfg = Release|x64
		{3EA9E612-E717-4E55-9034-C415CD62AF9A}.Release|x64.Build.0 = Release|x64
		{3EA9E612-E717-4E55-9034-C415CD62AF9A}.Release|x64.Deploy.0 = Release|x64
		{3EA9E612-E717-4E55-9034-C415CD62AF9A}.Release|x86.ActiveCfg = Release|x86
		{3EA9E612-E717-4E55-9034-C415CD62AF9A}.Release|x86.Build.0 = Release|x86
		{3EA9E612-E717-4E55-9034-C415CD62AF9A}.Release|x86.Deploy.0 = Release|x86
		{20FDA6ED-B68E-4610-807B-F358668F181E}.Ad-Hoc|Any CPU.ActiveCfg = Release|Any CPU
		{20FDA6ED-B68E-4610-807B-F358668F181E}.Ad-Hoc|Any CPU.Build.0 = Release|Any CPU
		{20FDA6ED-B68E-4610-807B-F358668F181E}.Ad-Hoc|Any CPU.Deploy.0 = Release|Any CPU
		{20FDA6ED-B68E-4610-807B-F358668F181E}.Ad-Hoc|ARM.ActiveCfg = Release|Any CPU
		{20FDA6ED-B68E-4610-807B-F358668F181E}.Ad-Hoc|ARM.Build.0 = Release|Any CPU
		{20FDA6ED-B68E-4610-807B-F358668F181E}.Ad-Hoc|ARM.Deploy.0 = Release|Any CPU
		{20FDA6ED-B68E-4610-807B-F358668F181E}.Ad-Hoc|iPhone.ActiveCfg = Release|Any CPU
		{20FDA6ED-B68E-4610-807B-F358668F181E}.Ad-Hoc|iPhone.Build.0 = Release|Any CPU
		{20FDA6ED-B68E-4610-807B-F358668F181E}.Ad-Hoc|iPhone.Deploy.0 = Release|Any CPU
		{20FDA6ED-B68E-4610-807B-F358668F181E}.Ad-Hoc|iPhoneSimulator.ActiveCfg = Release|Any CPU
		{20FDA6ED-B68E-4610-807B-F358668F181E}.Ad-Hoc|iPhoneSimulator.Build.0 = Release|Any CPU
		{20FDA6ED-B68E-4610-807B-F358668F181E}.Ad-Hoc|iPhoneSimulator.Deploy.0 = Release|Any CPU
		{20FDA6ED-B68E-4610-807B-F358668F181E}.Ad-Hoc|x64.ActiveCfg = Release|Any CPU
		{20FDA6ED-B68E-4610-807B-F358668F181E}.Ad-Hoc|x64.Build.0 = Release|Any CPU
		{20FDA6ED-B68E-4610-807B-F358668F181E}.Ad-Hoc|x64.Deploy.0 = Release|Any CPU
		{20FDA6ED-B68E-4610-807B-F358668F181E}.Ad-Hoc|x86.ActiveCfg = Release|Any CPU
		{20FDA6ED-B68E-4610-807B-F358668F181E}.Ad-Hoc|x86.Build.0 = Release|Any CPU
		{20FDA6ED-B68E-4610-807B-F358668F181E}.Ad-Hoc|x86.Deploy.0 = Release|Any CPU
		{20FDA6ED-B68E-4610-807B-F358668F181E}.AppStore|Any CPU.ActiveCfg = Release|Any CPU
		{20FDA6ED-B68E-4610-807B-F358668F181E}.AppStore|Any CPU.Build.0 = Release|Any CPU
		{20FDA6ED-B68E-4610-807B-F358668F181E}.AppStore|Any CPU.Deploy.0 = Release|Any CPU
		{20FDA6ED-B68E-4610-807B-F358668F181E}.AppStore|ARM.ActiveCfg = Release|Any CPU
		{20FDA6ED-B68E-4610-807B-F358668F181E}.AppStore|ARM.Build.0 = Release|Any CPU
		{20FDA6ED-B68E-4610-807B-F358668F181E}.AppStore|ARM.Deploy.0 = Release|Any CPU
		{20FDA6ED-B68E-4610-807B-F358668F181E}.AppStore|iPhone.ActiveCfg = Release|Any CPU
		{20FDA6ED-B68E-4610-807B-F358668F181E}.AppStore|iPhone.Build.0 = Release|Any CPU
		{20FDA6ED-B68E-4610-807B-F358668F181E}.AppStore|iPhone.Deploy.0 = Release|Any CPU
		{20FDA6ED-B68E-4610-807B-F358668F181E}.AppStore|iPhoneSimulator.ActiveCfg = Release|Any CPU
		{20FDA6ED-B68E-4610-807B-F358668F181E}.AppStore|iPhoneSimulator.Build.0 = Release|Any CPU
		{20FDA6ED-B68E-4610-807B-F358668F181E}.AppStore|iPhoneSimulator.Deploy.0 = Release|Any CPU
		{20FDA6ED-B68E-4610-807B-F358668F181E}.AppStore|x64.ActiveCfg = Release|Any CPU
		{20FDA6ED-B68E-4610-807B-F358668F181E}.AppStore|x64.Build.0 = Release|Any CPU
		{20FDA6ED-B68E-4610-807B-F358668F181E}.AppStore|x64.Deploy.0 = Release|Any CPU
		{20FDA6ED-B68E-4610-807B-F358668F181E}.AppStore|x86.ActiveCfg = Release|Any CPU
		{20FDA6ED-B68E-4610-807B-F358668F181E}.AppStore|x86.Build.0 = Release|Any CPU
		{20FDA6ED-B68E-4610-807B-F358668F181E}.AppStore|x86.Deploy.0 = Release|Any CPU
		{20FDA6ED-B68E-4610-807B-F358668F181E}.Debug|Any CPU.ActiveCfg = Debug|Any CPU
		{20FDA6ED-B68E-4610-807B-F358668F181E}.Debug|Any CPU.Build.0 = Debug|Any CPU
		{20FDA6ED-B68E-4610-807B-F358668F181E}.Debug|Any CPU.Deploy.0 = Debug|Any CPU
		{20FDA6ED-B68E-4610-807B-F358668F181E}.Debug|ARM.ActiveCfg = Debug|Any CPU
		{20FDA6ED-B68E-4610-807B-F358668F181E}.Debug|ARM.Build.0 = Debug|Any CPU
		{20FDA6ED-B68E-4610-807B-F358668F181E}.Debug|ARM.Deploy.0 = Debug|Any CPU
		{20FDA6ED-B68E-4610-807B-F358668F181E}.Debug|iPhone.ActiveCfg = Debug|Any CPU
		{20FDA6ED-B68E-4610-807B-F358668F181E}.Debug|iPhone.Build.0 = Debug|Any CPU
		{20FDA6ED-B68E-4610-807B-F358668F181E}.Debug|iPhone.Deploy.0 = Debug|Any CPU
		{20FDA6ED-B68E-4610-807B-F358668F181E}.Debug|iPhoneSimulator.ActiveCfg = Debug|Any CPU
		{20FDA6ED-B68E-4610-807B-F358668F181E}.Debug|iPhoneSimulator.Build.0 = Debug|Any CPU
		{20FDA6ED-B68E-4610-807B-F358668F181E}.Debug|iPhoneSimulator.Deploy.0 = Debug|Any CPU
		{20FDA6ED-B68E-4610-807B-F358668F181E}.Debug|x64.ActiveCfg = Debug|Any CPU
		{20FDA6ED-B68E-4610-807B-F358668F181E}.Debug|x64.Build.0 = Debug|Any CPU
		{20FDA6ED-B68E-4610-807B-F358668F181E}.Debug|x64.Deploy.0 = Debug|Any CPU
		{20FDA6ED-B68E-4610-807B-F358668F181E}.Debug|x86.ActiveCfg = Debug|Any CPU
		{20FDA6ED-B68E-4610-807B-F358668F181E}.Debug|x86.Build.0 = Debug|Any CPU
		{20FDA6ED-B68E-4610-807B-F358668F181E}.Debug|x86.Deploy.0 = Debug|Any CPU
		{20FDA6ED-B68E-4610-807B-F358668F181E}.Release|Any CPU.ActiveCfg = Release|Any CPU
		{20FDA6ED-B68E-4610-807B-F358668F181E}.Release|Any CPU.Build.0 = Release|Any CPU
		{20FDA6ED-B68E-4610-807B-F358668F181E}.Release|Any CPU.Deploy.0 = Release|Any CPU
		{20FDA6ED-B68E-4610-807B-F358668F181E}.Release|ARM.ActiveCfg = Release|Any CPU
		{20FDA6ED-B68E-4610-807B-F358668F181E}.Release|ARM.Build.0 = Release|Any CPU
		{20FDA6ED-B68E-4610-807B-F358668F181E}.Release|ARM.Deploy.0 = Release|Any CPU
		{20FDA6ED-B68E-4610-807B-F358668F181E}.Release|iPhone.ActiveCfg = Release|Any CPU
		{20FDA6ED-B68E-4610-807B-F358668F181E}.Release|iPhone.Build.0 = Release|Any CPU
		{20FDA6ED-B68E-4610-807B-F358668F181E}.Release|iPhone.Deploy.0 = Release|Any CPU
		{20FDA6ED-B68E-4610-807B-F358668F181E}.Release|iPhoneSimulator.ActiveCfg = Release|Any CPU
		{20FDA6ED-B68E-4610-807B-F358668F181E}.Release|iPhoneSimulator.Build.0 = Release|Any CPU
		{20FDA6ED-B68E-4610-807B-F358668F181E}.Release|iPhoneSimulator.Deploy.0 = Release|Any CPU
		{20FDA6ED-B68E-4610-807B-F358668F181E}.Release|x64.ActiveCfg = Release|Any CPU
		{20FDA6ED-B68E-4610-807B-F358668F181E}.Release|x64.Build.0 = Release|Any CPU
		{20FDA6ED-B68E-4610-807B-F358668F181E}.Release|x64.Deploy.0 = Release|Any CPU
		{20FDA6ED-B68E-4610-807B-F358668F181E}.Release|x86.ActiveCfg = Release|Any CPU
		{20FDA6ED-B68E-4610-807B-F358668F181E}.Release|x86.Build.0 = Release|Any CPU
		{20FDA6ED-B68E-4610-807B-F358668F181E}.Release|x86.Deploy.0 = Release|Any CPU
	EndGlobalSection
EndGlobal
